
Microsoft Visual Studio Solution File, Format Version 12.00
# Visual Studio 15
VisualStudioVersion = 15.0.28307.271
MinimumVisualStudioVersion = 10.0.40219.1
Project("{FAE04EC0-301F-11D3-BF4B-00C04F79EFBC}") = "PickerLocalization.Android", "PickerLocalization\PickerLocalization.Android\PickerLocalization.Android.csproj", "{067DCF83-8005-4C79-B4A7-CE25520CB7CC}"
EndProject
Project("{FAE04EC0-301F-11D3-BF4B-00C04F79EFBC}") = "PickerLocalization.iOS", "PickerLocalization\PickerLocalization.iOS\PickerLocalization.iOS.csproj", "{A10F47FC-425F-4FAD-90D1-291369992DFB}"
EndProject
Project("{FAE04EC0-301F-11D3-BF4B-00C04F79EFBC}") = "PickerLocalization.UWP", "PickerLocalization\PickerLocalization.UWP\PickerLocalization.UWP.csproj", "{3E94D1E2-C04F-4E12-9500-6E2EE307C5F5}"
EndProject
Project("{FAE04EC0-301F-11D3-BF4B-00C04F79EFBC}") = "PickerLocalization", "PickerLocalization\PickerLocalization\PickerLocalization.csproj", "{EB4C2446-5F4F-49E2-9760-A159F90C30DA}"
EndProject
Global
	GlobalSection(SolutionConfigurationPlatforms) = preSolution
		Ad-Hoc|Any CPU = Ad-Hoc|Any CPU
		Ad-Hoc|ARM = Ad-Hoc|ARM
		Ad-Hoc|iPhone = Ad-Hoc|iPhone
		Ad-Hoc|iPhoneSimulator = Ad-Hoc|iPhoneSimulator
		Ad-Hoc|x64 = Ad-Hoc|x64
		Ad-Hoc|x86 = Ad-Hoc|x86
		AppStore|Any CPU = AppStore|Any CPU
		AppStore|ARM = AppStore|ARM
		AppStore|iPhone = AppStore|iPhone
		AppStore|iPhoneSimulator = AppStore|iPhoneSimulator
		AppStore|x64 = AppStore|x64
		AppStore|x86 = AppStore|x86
		Debug|Any CPU = Debug|Any CPU
		Debug|ARM = Debug|ARM
		Debug|iPhone = Debug|iPhone
		Debug|iPhoneSimulator = Debug|iPhoneSimulator
		Debug|x64 = Debug|x64
		Debug|x86 = Debug|x86
		Release|Any CPU = Release|Any CPU
		Release|ARM = Release|ARM
		Release|iPhone = Release|iPhone
		Release|iPhoneSimulator = Release|iPhoneSimulator
		Release|x64 = Release|x64
		Release|x86 = Release|x86
	EndGlobalSection
	GlobalSection(ProjectConfigurationPlatforms) = postSolution
		{067DCF83-8005-4C79-B4A7-CE25520CB7CC}.Ad-Hoc|Any CPU.ActiveCfg = Release|Any CPU
		{067DCF83-8005-4C79-B4A7-CE25520CB7CC}.Ad-Hoc|Any CPU.Build.0 = Release|Any CPU
		{067DCF83-8005-4C79-B4A7-CE25520CB7CC}.Ad-Hoc|Any CPU.Deploy.0 = Release|Any CPU
		{067DCF83-8005-4C79-B4A7-CE25520CB7CC}.Ad-Hoc|ARM.ActiveCfg = Release|Any CPU
		{067DCF83-8005-4C79-B4A7-CE25520CB7CC}.Ad-Hoc|ARM.Build.0 = Release|Any CPU
		{067DCF83-8005-4C79-B4A7-CE25520CB7CC}.Ad-Hoc|ARM.Deploy.0 = Release|Any CPU
		{067DCF83-8005-4C79-B4A7-CE25520CB7CC}.Ad-Hoc|iPhone.ActiveCfg = Release|Any CPU
		{067DCF83-8005-4C79-B4A7-CE25520CB7CC}.Ad-Hoc|iPhone.Build.0 = Release|Any CPU
		{067DCF83-8005-4C79-B4A7-CE25520CB7CC}.Ad-Hoc|iPhone.Deploy.0 = Release|Any CPU
		{067DCF83-8005-4C79-B4A7-CE25520CB7CC}.Ad-Hoc|iPhoneSimulator.ActiveCfg = Release|Any CPU
		{067DCF83-8005-4C79-B4A7-CE25520CB7CC}.Ad-Hoc|iPhoneSimulator.Build.0 = Release|Any CPU
		{067DCF83-8005-4C79-B4A7-CE25520CB7CC}.Ad-Hoc|iPhoneSimulator.Deploy.0 = Release|Any CPU
		{067DCF83-8005-4C79-B4A7-CE25520CB7CC}.Ad-Hoc|x64.ActiveCfg = Release|Any CPU
		{067DCF83-8005-4C79-B4A7-CE25520CB7CC}.Ad-Hoc|x64.Build.0 = Release|Any CPU
		{067DCF83-8005-4C79-B4A7-CE25520CB7CC}.Ad-Hoc|x64.Deploy.0 = Release|Any CPU
		{067DCF83-8005-4C79-B4A7-CE25520CB7CC}.Ad-Hoc|x86.ActiveCfg = Release|Any CPU
		{067DCF83-8005-4C79-B4A7-CE25520CB7CC}.Ad-Hoc|x86.Build.0 = Release|Any CPU
		{067DCF83-8005-4C79-B4A7-CE25520CB7CC}.Ad-Hoc|x86.Deploy.0 = Release|Any CPU
		{067DCF83-8005-4C79-B4A7-CE25520CB7CC}.AppStore|Any CPU.ActiveCfg = Release|Any CPU
		{067DCF83-8005-4C79-B4A7-CE25520CB7CC}.AppStore|Any CPU.Build.0 = Release|Any CPU
		{067DCF83-8005-4C79-B4A7-CE25520CB7CC}.AppStore|Any CPU.Deploy.0 = Release|Any CPU
		{067DCF83-8005-4C79-B4A7-CE25520CB7CC}.AppStore|ARM.ActiveCfg = Release|Any CPU
		{067DCF83-8005-4C79-B4A7-CE25520CB7CC}.AppStore|ARM.Build.0 = Release|Any CPU
		{067DCF83-8005-4C79-B4A7-CE25520CB7CC}.AppStore|ARM.Deploy.0 = Release|Any CPU
		{067DCF83-8005-4C79-B4A7-CE25520CB7CC}.AppStore|iPhone.ActiveCfg = Release|Any CPU
		{067DCF83-8005-4C79-B4A7-CE25520CB7CC}.AppStore|iPhone.Build.0 = Release|Any CPU
		{067DCF83-8005-4C79-B4A7-CE25520CB7CC}.AppStore|iPhone.Deploy.0 = Release|Any CPU
		{067DCF83-8005-4C79-B4A7-CE25520CB7CC}.AppStore|iPhoneSimulator.ActiveCfg = Release|Any CPU
		{067DCF83-8005-4C79-B4A7-CE25520CB7CC}.AppStore|iPhoneSimulator.Build.0 = Release|Any CPU
		{067DCF83-8005-4C79-B4A7-CE25520CB7CC}.AppStore|iPhoneSimulator.Deploy.0 = Release|Any CPU
		{067DCF83-8005-4C79-B4A7-CE25520CB7CC}.AppStore|x64.ActiveCfg = Release|Any CPU
		{067DCF83-8005-4C79-B4A7-CE25520CB7CC}.AppStore|x64.Build.0 = Release|Any CPU
		{067DCF83-8005-4C79-B4A7-CE25520CB7CC}.AppStore|x64.Deploy.0 = Release|Any CPU
		{067DCF83-8005-4C79-B4A7-CE25520CB7CC}.AppStore|x86.ActiveCfg = Release|Any CPU
		{067DCF83-8005-4C79-B4A7-CE25520CB7CC}.AppStore|x86.Build.0 = Release|Any CPU
		{067DCF83-8005-4C79-B4A7-CE25520CB7CC}.AppStore|x86.Deploy.0 = Release|Any CPU
		{067DCF83-8005-4C79-B4A7-CE25520CB7CC}.Debug|Any CPU.ActiveCfg = Debug|Any CPU
		{067DCF83-8005-4C79-B4A7-CE25520CB7CC}.Debug|Any CPU.Build.0 = Debug|Any CPU
		{067DCF83-8005-4C79-B4A7-CE25520CB7CC}.Debug|Any CPU.Deploy.0 = Debug|Any CPU
		{067DCF83-8005-4C79-B4A7-CE25520CB7CC}.Debug|ARM.ActiveCfg = Debug|Any CPU
		{067DCF83-8005-4C79-B4A7-CE25520CB7CC}.Debug|ARM.Build.0 = Debug|Any CPU
		{067DCF83-8005-4C79-B4A7-CE25520CB7CC}.Debug|ARM.Deploy.0 = Debug|Any CPU
		{067DCF83-8005-4C79-B4A7-CE25520CB7CC}.Debug|iPhone.ActiveCfg = Debug|Any CPU
		{067DCF83-8005-4C79-B4A7-CE25520CB7CC}.Debug|iPhone.Build.0 = Debug|Any CPU
		{067DCF83-8005-4C79-B4A7-CE25520CB7CC}.Debug|iPhone.Deploy.0 = Debug|Any CPU
		{067DCF83-8005-4C79-B4A7-CE25520CB7CC}.Debug|iPhoneSimulator.ActiveCfg = Debug|Any CPU
		{067DCF83-8005-4C79-B4A7-CE25520CB7CC}.Debug|iPhoneSimulator.Build.0 = Debug|Any CPU
		{067DCF83-8005-4C79-B4A7-CE25520CB7CC}.Debug|iPhoneSimulator.Deploy.0 = Debug|Any CPU
		{067DCF83-8005-4C79-B4A7-CE25520CB7CC}.Debug|x64.ActiveCfg = Debug|Any CPU
		{067DCF83-8005-4C79-B4A7-CE25520CB7CC}.Debug|x64.Build.0 = Debug|Any CPU
		{067DCF83-8005-4C79-B4A7-CE25520CB7CC}.Debug|x64.Deploy.0 = Debug|Any CPU
		{067DCF83-8005-4C79-B4A7-CE25520CB7CC}.Debug|x86.ActiveCfg = Debug|Any CPU
		{067DCF83-8005-4C79-B4A7-CE25520CB7CC}.Debug|x86.Build.0 = Debug|Any CPU
		{067DCF83-8005-4C79-B4A7-CE25520CB7CC}.Debug|x86.Deploy.0 = Debug|Any CPU
		{067DCF83-8005-4C79-B4A7-CE25520CB7CC}.Release|Any CPU.ActiveCfg = Release|Any CPU
		{067DCF83-8005-4C79-B4A7-CE25520CB7CC}.Release|Any CPU.Build.0 = Release|Any CPU
		{067DCF83-8005-4C79-B4A7-CE25520CB7CC}.Release|Any CPU.Deploy.0 = Release|Any CPU
		{067DCF83-8005-4C79-B4A7-CE25520CB7CC}.Release|ARM.ActiveCfg = Release|Any CPU
		{067DCF83-8005-4C79-B4A7-CE25520CB7CC}.Release|ARM.Build.0 = Release|Any CPU
		{067DCF83-8005-4C79-B4A7-CE25520CB7CC}.Release|ARM.Deploy.0 = Release|Any CPU
		{067DCF83-8005-4C79-B4A7-CE25520CB7CC}.Release|iPhone.ActiveCfg = Release|Any CPU
		{067DCF83-8005-4C79-B4A7-CE25520CB7CC}.Release|iPhone.Build.0 = Release|Any CPU
		{067DCF83-8005-4C79-B4A7-CE25520CB7CC}.Release|iPhone.Deploy.0 = Release|Any CPU
		{067DCF83-8005-4C79-B4A7-CE25520CB7CC}.Release|iPhoneSimulator.ActiveCfg = Release|Any CPU
		{067DCF83-8005-4C79-B4A7-CE25520CB7CC}.Release|iPhoneSimulator.Build.0 = Release|Any CPU
		{067DCF83-8005-4C79-B4A7-CE25520CB7CC}.Release|iPhoneSimulator.Deploy.0 = Release|Any CPU
		{067DCF83-8005-4C79-B4A7-CE25520CB7CC}.Release|x64.ActiveCfg = Release|Any CPU
		{067DCF83-8005-4C79-B4A7-CE25520CB7CC}.Release|x64.Build.0 = Release|Any CPU
		{067DCF83-8005-4C79-B4A7-CE25520CB7CC}.Release|x64.Deploy.0 = Release|Any CPU
		{067DCF83-8005-4C79-B4A7-CE25520CB7CC}.Release|x86.ActiveCfg = Release|Any CPU
		{067DCF83-8005-4C79-B4A7-CE25520CB7CC}.Release|x86.Build.0 = Release|Any CPU
		{067DCF83-8005-4C79-B4A7-CE25520CB7CC}.Release|x86.Deploy.0 = Release|Any CPU
		{A10F47FC-425F-4FAD-90D1-291369992DFB}.Ad-Hoc|Any CPU.ActiveCfg = Ad-Hoc|iPhone
		{A10F47FC-425F-4FAD-90D1-291369992DFB}.Ad-Hoc|Any CPU.Build.0 = Ad-Hoc|iPhone
		{A10F47FC-425F-4FAD-90D1-291369992DFB}.Ad-Hoc|Any CPU.Deploy.0 = Ad-Hoc|iPhone
		{A10F47FC-425F-4FAD-90D1-291369992DFB}.Ad-Hoc|ARM.ActiveCfg = Ad-Hoc|iPhone
		{A10F47FC-425F-4FAD-90D1-291369992DFB}.Ad-Hoc|ARM.Build.0 = Ad-Hoc|iPhone
		{A10F47FC-425F-4FAD-90D1-291369992DFB}.Ad-Hoc|ARM.Deploy.0 = Ad-Hoc|iPhone
		{A10F47FC-425F-4FAD-90D1-291369992DFB}.Ad-Hoc|iPhone.ActiveCfg = Ad-Hoc|iPhone
		{A10F47FC-425F-4FAD-90D1-291369992DFB}.Ad-Hoc|iPhone.Build.0 = Ad-Hoc|iPhone
		{A10F47FC-425F-4FAD-90D1-291369992DFB}.Ad-Hoc|iPhone.Deploy.0 = Ad-Hoc|iPhone
		{A10F47FC-425F-4FAD-90D1-291369992DFB}.Ad-Hoc|iPhoneSimulator.ActiveCfg = Ad-Hoc|iPhoneSimulator
		{A10F47FC-425F-4FAD-90D1-291369992DFB}.Ad-Hoc|iPhoneSimulator.Build.0 = Ad-Hoc|iPhoneSimulator
		{A10F47FC-425F-4FAD-90D1-291369992DFB}.Ad-Hoc|iPhoneSimulator.Deploy.0 = Ad-Hoc|iPhoneSimulator
		{A10F47FC-425F-4FAD-90D1-291369992DFB}.Ad-Hoc|x64.ActiveCfg = Ad-Hoc|iPhone
		{A10F47FC-425F-4FAD-90D1-291369992DFB}.Ad-Hoc|x64.Build.0 = Ad-Hoc|iPhone
		{A10F47FC-425F-4FAD-90D1-291369992DFB}.Ad-Hoc|x64.Deploy.0 = Ad-Hoc|iPhone
		{A10F47FC-425F-4FAD-90D1-291369992DFB}.Ad-Hoc|x86.ActiveCfg = Ad-Hoc|iPhone
		{A10F47FC-425F-4FAD-90D1-291369992DFB}.Ad-Hoc|x86.Build.0 = Ad-Hoc|iPhone
		{A10F47FC-425F-4FAD-90D1-291369992DFB}.Ad-Hoc|x86.Deploy.0 = Ad-Hoc|iPhone
		{A10F47FC-425F-4FAD-90D1-291369992DFB}.AppStore|Any CPU.ActiveCfg = AppStore|iPhone
		{A10F47FC-425F-4FAD-90D1-291369992DFB}.AppStore|Any CPU.Build.0 = AppStore|iPhone
		{A10F47FC-425F-4FAD-90D1-291369992DFB}.AppStore|Any CPU.Deploy.0 = AppStore|iPhone
		{A10F47FC-425F-4FAD-90D1-291369992DFB}.AppStore|ARM.ActiveCfg = AppStore|iPhone
		{A10F47FC-425F-4FAD-90D1-291369992DFB}.AppStore|ARM.Build.0 = AppStore|iPhone
		{A10F47FC-425F-4FAD-90D1-291369992DFB}.AppStore|ARM.Deploy.0 = AppStore|iPhone
		{A10F47FC-425F-4FAD-90D1-291369992DFB}.AppStore|iPhone.ActiveCfg = AppStore|iPhone
		{A10F47FC-425F-4FAD-90D1-291369992DFB}.AppStore|iPhone.Build.0 = AppStore|iPhone
		{A10F47FC-425F-4FAD-90D1-291369992DFB}.AppStore|iPhone.Deploy.0 = AppStore|iPhone
		{A10F47FC-425F-4FAD-90D1-291369992DFB}.AppStore|iPhoneSimulator.ActiveCfg = AppStore|iPhoneSimulator
		{A10F47FC-425F-4FAD-90D1-291369992DFB}.AppStore|iPhoneSimulator.Build.0 = AppStore|iPhoneSimulator
		{A10F47FC-425F-4FAD-90D1-291369992DFB}.AppStore|iPhoneSimulator.Deploy.0 = AppStore|iPhoneSimulator
		{A10F47FC-425F-4FAD-90D1-291369992DFB}.AppStore|x64.ActiveCfg = AppStore|iPhone
		{A10F47FC-425F-4FAD-90D1-291369992DFB}.AppStore|x64.Build.0 = AppStore|iPhone
		{A10F47FC-425F-4FAD-90D1-291369992DFB}.AppStore|x64.Deploy.0 = AppStore|iPhone
		{A10F47FC-425F-4FAD-90D1-291369992DFB}.AppStore|x86.ActiveCfg = AppStore|iPhone
		{A10F47FC-425F-4FAD-90D1-291369992DFB}.AppStore|x86.Build.0 = AppStore|iPhone
		{A10F47FC-425F-4FAD-90D1-291369992DFB}.AppStore|x86.Deploy.0 = AppStore|iPhone
		{A10F47FC-425F-4FAD-90D1-291369992DFB}.Debug|Any CPU.ActiveCfg = Debug|iPhoneSimulator
		{A10F47FC-425F-4FAD-90D1-291369992DFB}.Debug|Any CPU.Build.0 = Debug|iPhoneSimulator
		{A10F47FC-425F-4FAD-90D1-291369992DFB}.Debug|Any CPU.Deploy.0 = Debug|iPhoneSimulator
		{A10F47FC-425F-4FAD-90D1-291369992DFB}.Debug|ARM.ActiveCfg = Debug|iPhone
		{A10F47FC-425F-4FAD-90D1-291369992DFB}.Debug|ARM.Build.0 = Debug|iPhone
		{A10F47FC-425F-4FAD-90D1-291369992DFB}.Debug|ARM.Deploy.0 = Debug|iPhone
		{A10F47FC-425F-4FAD-90D1-291369992DFB}.Debug|iPhone.ActiveCfg = Debug|iPhone
		{A10F47FC-425F-4FAD-90D1-291369992DFB}.Debug|iPhone.Build.0 = Debug|iPhone
		{A10F47FC-425F-4FAD-90D1-291369992DFB}.Debug|iPhone.Deploy.0 = Debug|iPhone
		{A10F47FC-425F-4FAD-90D1-291369992DFB}.Debug|iPhoneSimulator.ActiveCfg = Debug|iPhoneSimulator
		{A10F47FC-425F-4FAD-90D1-291369992DFB}.Debug|iPhoneSimulator.Build.0 = Debug|iPhoneSimulator
		{A10F47FC-425F-4FAD-90D1-291369992DFB}.Debug|iPhoneSimulator.Deploy.0 = Debug|iPhoneSimulator
		{A10F47FC-425F-4FAD-90D1-291369992DFB}.Debug|x64.ActiveCfg = Debug|iPhone
		{A10F47FC-425F-4FAD-90D1-291369992DFB}.Debug|x64.Build.0 = Debug|iPhone
		{A10F47FC-425F-4FAD-90D1-291369992DFB}.Debug|x64.Deploy.0 = Debug|iPhone
		{A10F47FC-425F-4FAD-90D1-291369992DFB}.Debug|x86.ActiveCfg = Debug|iPhone
		{A10F47FC-425F-4FAD-90D1-291369992DFB}.Debug|x86.Build.0 = Debug|iPhone
		{A10F47FC-425F-4FAD-90D1-291369992DFB}.Debug|x86.Deploy.0 = Debug|iPhone
		{A10F47FC-425F-4FAD-90D1-291369992DFB}.Release|Any CPU.ActiveCfg = Release|iPhone
		{A10F47FC-425F-4FAD-90D1-291369992DFB}.Release|Any CPU.Build.0 = Release|iPhone
		{A10F47FC-425F-4FAD-90D1-291369992DFB}.Release|Any CPU.Deploy.0 = Release|iPhone
		{A10F47FC-425F-4FAD-90D1-291369992DFB}.Release|ARM.ActiveCfg = Release|iPhone
		{A10F47FC-425F-4FAD-90D1-291369992DFB}.Release|ARM.Build.0 = Release|iPhone
		{A10F47FC-425F-4FAD-90D1-291369992DFB}.Release|ARM.Deploy.0 = Release|iPhone
		{A10F47FC-425F-4FAD-90D1-291369992DFB}.Release|iPhone.ActiveCfg = Release|iPhone
		{A10F47FC-425F-4FAD-90D1-291369992DFB}.Release|iPhone.Build.0 = Release|iPhone
		{A10F47FC-425F-4FAD-90D1-291369992DFB}.Release|iPhone.Deploy.0 = Release|iPhone
		{A10F47FC-425F-4FAD-90D1-291369992DFB}.Release|iPhoneSimulator.ActiveCfg = Release|iPhoneSimulator
		{A10F47FC-425F-4FAD-90D1-291369992DFB}.Release|iPhoneSimulator.Build.0 = Release|iPhoneSimulator
		{A10F47FC-425F-4FAD-90D1-291369992DFB}.Release|iPhoneSimulator.Deploy.0 = Release|iPhoneSimulator
		{A10F47FC-425F-4FAD-90D1-291369992DFB}.Release|x64.ActiveCfg = Release|iPhone
		{A10F47FC-425F-4FAD-90D1-291369992DFB}.Release|x64.Build.0 = Release|iPhone
		{A10F47FC-425F-4FAD-90D1-291369992DFB}.Release|x64.Deploy.0 = Release|iPhone
		{A10F47FC-425F-4FAD-90D1-291369992DFB}.Release|x86.ActiveCfg = Release|iPhone
		{A10F47FC-425F-4FAD-90D1-291369992DFB}.Release|x86.Build.0 = Release|iPhone
		{A10F47FC-425F-4FAD-90D1-291369992DFB}.Release|x86.Deploy.0 = Release|iPhone
		{3E94D1E2-C04F-4E12-9500-6E2EE307C5F5}.Ad-Hoc|Any CPU.ActiveCfg = Release|x86
		{3E94D1E2-C04F-4E12-9500-6E2EE307C5F5}.Ad-Hoc|Any CPU.Build.0 = Release|x86
		{3E94D1E2-C04F-4E12-9500-6E2EE307C5F5}.Ad-Hoc|Any CPU.Deploy.0 = Release|x86
		{3E94D1E2-C04F-4E12-9500-6E2EE307C5F5}.Ad-Hoc|ARM.ActiveCfg = Release|ARM
		{3E94D1E2-C04F-4E12-9500-6E2EE307C5F5}.Ad-Hoc|ARM.Build.0 = Release|ARM
		{3E94D1E2-C04F-4E12-9500-6E2EE307C5F5}.Ad-Hoc|ARM.Deploy.0 = Release|ARM
		{3E94D1E2-C04F-4E12-9500-6E2EE307C5F5}.Ad-Hoc|iPhone.ActiveCfg = Release|x86
		{3E94D1E2-C04F-4E12-9500-6E2EE307C5F5}.Ad-Hoc|iPhone.Build.0 = Release|x86
		{3E94D1E2-C04F-4E12-9500-6E2EE307C5F5}.Ad-Hoc|iPhone.Deploy.0 = Release|x86
		{3E94D1E2-C04F-4E12-9500-6E2EE307C5F5}.Ad-Hoc|iPhoneSimulator.ActiveCfg = Release|x86
		{3E94D1E2-C04F-4E12-9500-6E2EE307C5F5}.Ad-Hoc|iPhoneSimulator.Build.0 = Release|x86
		{3E94D1E2-C04F-4E12-9500-6E2EE307C5F5}.Ad-Hoc|iPhoneSimulator.Deploy.0 = Release|x86
		{3E94D1E2-C04F-4E12-9500-6E2EE307C5F5}.Ad-Hoc|x64.ActiveCfg = Release|x64
		{3E94D1E2-C04F-4E12-9500-6E2EE307C5F5}.Ad-Hoc|x64.Build.0 = Release|x64
		{3E94D1E2-C04F-4E12-9500-6E2EE307C5F5}.Ad-Hoc|x64.Deploy.0 = Release|x64
		{3E94D1E2-C04F-4E12-9500-6E2EE307C5F5}.Ad-Hoc|x86.ActiveCfg = Release|x86
		{3E94D1E2-C04F-4E12-9500-6E2EE307C5F5}.Ad-Hoc|x86.Build.0 = Release|x86
		{3E94D1E2-C04F-4E12-9500-6E2EE307C5F5}.Ad-Hoc|x86.Deploy.0 = Release|x86
		{3E94D1E2-C04F-4E12-9500-6E2EE307C5F5}.AppStore|Any CPU.ActiveCfg = Release|x86
		{3E94D1E2-C04F-4E12-9500-6E2EE307C5F5}.AppStore|Any CPU.Build.0 = Release|x86
		{3E94D1E2-C04F-4E12-9500-6E2EE307C5F5}.AppStore|Any CPU.Deploy.0 = Release|x86
		{3E94D1E2-C04F-4E12-9500-6E2EE307C5F5}.AppStore|ARM.ActiveCfg = Release|ARM
		{3E94D1E2-C04F-4E12-9500-6E2EE307C5F5}.AppStore|ARM.Build.0 = Release|ARM
		{3E94D1E2-C04F-4E12-9500-6E2EE307C5F5}.AppStore|ARM.Deploy.0 = Release|ARM
		{3E94D1E2-C04F-4E12-9500-6E2EE307C5F5}.AppStore|iPhone.ActiveCfg = Release|x86
		{3E94D1E2-C04F-4E12-9500-6E2EE307C5F5}.AppStore|iPhone.Build.0 = Release|x86
		{3E94D1E2-C04F-4E12-9500-6E2EE307C5F5}.AppStore|iPhone.Deploy.0 = Release|x86
		{3E94D1E2-C04F-4E12-9500-6E2EE307C5F5}.AppStore|iPhoneSimulator.ActiveCfg = Release|x86
		{3E94D1E2-C04F-4E12-9500-6E2EE307C5F5}.AppStore|iPhoneSimulator.Build.0 = Release|x86
		{3E94D1E2-C04F-4E12-9500-6E2EE307C5F5}.AppStore|iPhoneSimulator.Deploy.0 = Release|x86
		{3E94D1E2-C04F-4E12-9500-6E2EE307C5F5}.AppStore|x64.ActiveCfg = Release|x64
		{3E94D1E2-C04F-4E12-9500-6E2EE307C5F5}.AppStore|x64.Build.0 = Release|x64
		{3E94D1E2-C04F-4E12-9500-6E2EE307C5F5}.AppStore|x64.Deploy.0 = Release|x64
		{3E94D1E2-C04F-4E12-9500-6E2EE307C5F5}.AppStore|x86.ActiveCfg = Release|x86
		{3E94D1E2-C04F-4E12-9500-6E2EE307C5F5}.AppStore|x86.Build.0 = Release|x86
		{3E94D1E2-C04F-4E12-9500-6E2EE307C5F5}.AppStore|x86.Deploy.0 = Release|x86
		{3E94D1E2-C04F-4E12-9500-6E2EE307C5F5}.Debug|Any CPU.ActiveCfg = Debug|x86
		{3E94D1E2-C04F-4E12-9500-6E2EE307C5F5}.Debug|Any CPU.Build.0 = Debug|x86
		{3E94D1E2-C04F-4E12-9500-6E2EE307C5F5}.Debug|Any CPU.Deploy.0 = Debug|x86
		{3E94D1E2-C04F-4E12-9500-6E2EE307C5F5}.Debug|ARM.ActiveCfg = Debug|ARM
		{3E94D1E2-C04F-4E12-9500-6E2EE307C5F5}.Debug|ARM.Build.0 = Debug|ARM
		{3E94D1E2-C04F-4E12-9500-6E2EE307C5F5}.Debug|ARM.Deploy.0 = Debug|ARM
		{3E94D1E2-C04F-4E12-9500-6E2EE307C5F5}.Debug|iPhone.ActiveCfg = Debug|x86
		{3E94D1E2-C04F-4E12-9500-6E2EE307C5F5}.Debug|iPhone.Build.0 = Debug|x86
		{3E94D1E2-C04F-4E12-9500-6E2EE307C5F5}.Debug|iPhone.Deploy.0 = Debug|x86
		{3E94D1E2-C04F-4E12-9500-6E2EE307C5F5}.Debug|iPhoneSimulator.ActiveCfg = Debug|x86
		{3E94D1E2-C04F-4E12-9500-6E2EE307C5F5}.Debug|iPhoneSimulator.Build.0 = Debug|x86
		{3E94D1E2-C04F-4E12-9500-6E2EE307C5F5}.Debug|iPhoneSimulator.Deploy.0 = Debug|x86
		{3E94D1E2-C04F-4E12-9500-6E2EE307C5F5}.Debug|x64.ActiveCfg = Debug|x64
		{3E94D1E2-C04F-4E12-9500-6E2EE307C5F5}.Debug|x64.Build.0 = Debug|x64
		{3E94D1E2-C04F-4E12-9500-6E2EE307C5F5}.Debug|x64.Deploy.0 = Debug|x64
		{3E94D1E2-C04F-4E12-9500-6E2EE307C5F5}.Debug|x86.ActiveCfg = Debug|x86
		{3E94D1E2-C04F-4E12-9500-6E2EE307C5F5}.Debug|x86.Build.0 = Debug|x86
		{3E94D1E2-C04F-4E12-9500-6E2EE307C5F5}.Debug|x86.Deploy.0 = Debug|x86
		{3E94D1E2-C04F-4E12-9500-6E2EE307C5F5}.Release|Any CPU.ActiveCfg = Release|x86
		{3E94D1E2-C04F-4E12-9500-6E2EE307C5F5}.Release|Any CPU.Build.0 = Release|x86
		{3E94D1E2-C04F-4E12-9500-6E2EE307C5F5}.Release|Any CPU.Deploy.0 = Release|x86
		{3E94D1E2-C04F-4E12-9500-6E2EE307C5F5}.Release|ARM.ActiveCfg = Release|ARM
		{3E94D1E2-C04F-4E12-9500-6E2EE307C5F5}.Release|ARM.Build.0 = Release|ARM
		{3E94D1E2-C04F-4E12-9500-6E2EE307C5F5}.Release|ARM.Deploy.0 = Release|ARM
		{3E94D1E2-C04F-4E12-9500-6E2EE307C5F5}.Release|iPhone.ActiveCfg = Release|x86
		{3E94D1E2-C04F-4E12-9500-6E2EE307C5F5}.Release|iPhone.Build.0 = Release|x86
		{3E94D1E2-C04F-4E12-9500-6E2EE307C5F5}.Release|iPhone.Deploy.0 = Release|x86
		{3E94D1E2-C04F-4E12-9500-6E2EE307C5F5}.Release|iPhoneSimulator.ActiveCfg = Release|x86
		{3E94D1E2-C04F-4E12-9500-6E2EE307C5F5}.Release|iPhoneSimulator.Build.0 = Release|x86
		{3E94D1E2-C04F-4E12-9500-6E2EE307C5F5}.Release|iPhoneSimulator.Deploy.0 = Release|x86
		{3E94D1E2-C04F-4E12-9500-6E2EE307C5F5}.Release|x64.ActiveCfg = Release|x64
		{3E94D1E2-C04F-4E12-9500-6E2EE307C5F5}.Release|x64.Build.0 = Release|x64
		{3E94D1E2-C04F-4E12-9500-6E2EE307C5F5}.Release|x64.Deploy.0 = Release|x64
		{3E94D1E2-C04F-4E12-9500-6E2EE307C5F5}.Release|x86.ActiveCfg = Release|x86
		{3E94D1E2-C04F-4E12-9500-6E2EE307C5F5}.Release|x86.Build.0 = Release|x86
		{3E94D1E2-C04F-4E12-9500-6E2EE307C5F5}.Release|x86.Deploy.0 = Release|x86
		{EB4C2446-5F4F-49E2-9760-A159F90C30DA}.Ad-Hoc|Any CPU.ActiveCfg = Debug|Any CPU
		{EB4C2446-5F4F-49E2-9760-A159F90C30DA}.Ad-Hoc|Any CPU.Build.0 = Debug|Any CPU
		{EB4C2446-5F4F-49E2-9760-A159F90C30DA}.Ad-Hoc|Any CPU.Deploy.0 = Debug|Any CPU
		{EB4C2446-5F4F-49E2-9760-A159F90C30DA}.Ad-Hoc|ARM.ActiveCfg = Debug|Any CPU
		{EB4C2446-5F4F-49E2-9760-A159F90C30DA}.Ad-Hoc|ARM.Build.0 = Debug|Any CPU
		{EB4C2446-5F4F-49E2-9760-A159F90C30DA}.Ad-Hoc|ARM.Deploy.0 = Debug|Any CPU
		{EB4C2446-5F4F-49E2-9760-A159F90C30DA}.Ad-Hoc|iPhone.ActiveCfg = Debug|Any CPU
		{EB4C2446-5F4F-49E2-9760-A159F90C30DA}.Ad-Hoc|iPhone.Build.0 = Debug|Any CPU
		{EB4C2446-5F4F-49E2-9760-A159F90C30DA}.Ad-Hoc|iPhone.Deploy.0 = Debug|Any CPU
		{EB4C2446-5F4F-49E2-9760-A159F90C30DA}.Ad-Hoc|iPhoneSimulator.ActiveCfg = Debug|Any CPU
		{EB4C2446-5F4F-49E2-9760-A159F90C30DA}.Ad-Hoc|iPhoneSimulator.Build.0 = Debug|Any CPU
		{EB4C2446-5F4F-49E2-9760-A159F90C30DA}.Ad-Hoc|iPhoneSimulator.Deploy.0 = Debug|Any CPU
		{EB4C2446-5F4F-49E2-9760-A159F90C30DA}.Ad-Hoc|x64.ActiveCfg = Debug|Any CPU
		{EB4C2446-5F4F-49E2-9760-A159F90C30DA}.Ad-Hoc|x64.Build.0 = Debug|Any CPU
		{EB4C2446-5F4F-49E2-9760-A159F90C30DA}.Ad-Hoc|x64.Deploy.0 = Debug|Any CPU
		{EB4C2446-5F4F-49E2-9760-A159F90C30DA}.Ad-Hoc|x86.ActiveCfg = Debug|Any CPU
		{EB4C2446-5F4F-49E2-9760-A159F90C30DA}.Ad-Hoc|x86.Build.0 = Debug|Any CPU
		{EB4C2446-5F4F-49E2-9760-A159F90C30DA}.Ad-Hoc|x86.Deploy.0 = Debug|Any CPU
		{EB4C2446-5F4F-49E2-9760-A159F90C30DA}.AppStore|Any CPU.ActiveCfg = Debug|Any CPU
		{EB4C2446-5F4F-49E2-9760-A159F90C30DA}.AppStore|Any CPU.Build.0 = Debug|Any CPU
		{EB4C2446-5F4F-49E2-9760-A159F90C30DA}.AppStore|Any CPU.Deploy.0 = Debug|Any CPU
		{EB4C2446-5F4F-49E2-9760-A159F90C30DA}.AppStore|ARM.ActiveCfg = Debug|Any CPU
		{EB4C2446-5F4F-49E2-9760-A159F90C30DA}.AppStore|ARM.Build.0 = Debug|Any CPU
		{EB4C2446-5F4F-49E2-9760-A159F90C30DA}.AppStore|ARM.Deploy.0 = Debug|Any CPU
		{EB4C2446-5F4F-49E2-9760-A159F90C30DA}.AppStore|iPhone.ActiveCfg = Debug|Any CPU
		{EB4C2446-5F4F-49E2-9760-A159F90C30DA}.AppStore|iPhone.Build.0 = Debug|Any CPU
		{EB4C2446-5F4F-49E2-9760-A159F90C30DA}.AppStore|iPhone.Deploy.0 = Debug|Any CPU
		{EB4C2446-5F4F-49E2-9760-A159F90C30DA}.AppStore|iPhoneSimulator.ActiveCfg = Debug|Any CPU
		{EB4C2446-5F4F-49E2-9760-A159F90C30DA}.AppStore|iPhoneSimulator.Build.0 = Debug|Any CPU
		{EB4C2446-5F4F-49E2-9760-A159F90C30DA}.AppStore|iPhoneSimulator.Deploy.0 = Debug|Any CPU
		{EB4C2446-5F4F-49E2-9760-A159F90C30DA}.AppStore|x64.ActiveCfg = Debug|Any CPU
		{EB4C2446-5F4F-49E2-9760-A159F90C30DA}.AppStore|x64.Build.0 = Debug|Any CPU
		{EB4C2446-5F4F-49E2-9760-A159F90C30DA}.AppStore|x64.Deploy.0 = Debug|Any CPU
		{EB4C2446-5F4F-49E2-9760-A159F90C30DA}.AppStore|x86.ActiveCfg = Debug|Any CPU
		{EB4C2446-5F4F-49E2-9760-A159F90C30DA}.AppStore|x86.Build.0 = Debug|Any CPU
		{EB4C2446-5F4F-49E2-9760-A159F90C30DA}.AppStore|x86.Deploy.0 = Debug|Any CPU
		{EB4C2446-5F4F-49E2-9760-A159F90C30DA}.Debug|Any CPU.ActiveCfg = Debug|Any CPU
		{EB4C2446-5F4F-49E2-9760-A159F90C30DA}.Debug|Any CPU.Build.0 = Debug|Any CPU
		{EB4C2446-5F4F-49E2-9760-A159F90C30DA}.Debug|Any CPU.Deploy.0 = Debug|Any CPU
		{EB4C2446-5F4F-49E2-9760-A159F90C30DA}.Debug|ARM.ActiveCfg = Debug|Any CPU
		{EB4C2446-5F4F-49E2-9760-A159F90C30DA}.Debug|ARM.Build.0 = Debug|Any CPU
		{EB4C2446-5F4F-49E2-9760-A159F90C30DA}.Debug|ARM.Deploy.0 = Debug|Any CPU
		{EB4C2446-5F4F-49E2-9760-A159F90C30DA}.Debug|iPhone.ActiveCfg = Debug|Any CPU
		{EB4C2446-5F4F-49E2-9760-A159F90C30DA}.Debug|iPhone.Build.0 = Debug|Any CPU
		{EB4C2446-5F4F-49E2-9760-A159F90C30DA}.Debug|iPhone.Deploy.0 = Debug|Any CPU
		{EB4C2446-5F4F-49E2-9760-A159F90C30DA}.Debug|iPhoneSimulator.ActiveCfg = Debug|Any CPU
		{EB4C2446-5F4F-49E2-9760-A159F90C30DA}.Debug|iPhoneSimulator.Build.0 = Debug|Any CPU
		{EB4C2446-5F4F-49E2-9760-A159F90C30DA}.Debug|iPhoneSimulator.Deploy.0 = Debug|Any CPU
		{EB4C2446-5F4F-49E2-9760-A159F90C30DA}.Debug|x64.ActiveCfg = Debug|Any CPU
		{EB4C2446-5F4F-49E2-9760-A159F90C30DA}.Debug|x64.Build.0 = Debug|Any CPU
		{EB4C2446-5F4F-49E2-9760-A159F90C30DA}.Debug|x64.Deploy.0 = Debug|Any CPU
		{EB4C2446-5F4F-49E2-9760-A159F90C30DA}.Debug|x86.ActiveCfg = Debug|Any CPU
		{EB4C2446-5F4F-49E2-9760-A159F90C30DA}.Debug|x86.Build.0 = Debug|Any CPU
		{EB4C2446-5F4F-49E2-9760-A159F90C30DA}.Debug|x86.Deploy.0 = Debug|Any CPU
		{EB4C2446-5F4F-49E2-9760-A159F90C30DA}.Release|Any CPU.ActiveCfg = Release|Any CPU
		{EB4C2446-5F4F-49E2-9760-A159F90C30DA}.Release|Any CPU.Build.0 = Release|Any CPU
		{EB4C2446-5F4F-49E2-9760-A159F90C30DA}.Release|Any CPU.Deploy.0 = Release|Any CPU
		{EB4C2446-5F4F-49E2-9760-A159F90C30DA}.Release|ARM.ActiveCfg = Release|Any CPU
		{EB4C2446-5F4F-49E2-9760-A159F90C30DA}.Release|ARM.Build.0 = Release|Any CPU
		{EB4C2446-5F4F-49E2-9760-A159F90C30DA}.Release|ARM.Deploy.0 = Release|Any CPU
		{EB4C2446-5F4F-49E2-9760-A159F90C30DA}.Release|iPhone.ActiveCfg = Release|Any CPU
		{EB4C2446-5F4F-49E2-9760-A159F90C30DA}.Release|iPhone.Build.0 = Release|Any CPU
		{EB4C2446-5F4F-49E2-9760-A159F90C30DA}.Release|iPhone.Deploy.0 = Release|Any CPU
		{EB4C2446-5F4F-49E2-9760-A159F90C30DA}.Release|iPhoneSimulator.ActiveCfg = Release|Any CPU
		{EB4C2446-5F4F-49E2-9760-A159F90C30DA}.Release|iPhoneSimulator.Build.0 = Release|Any CPU
		{EB4C2446-5F4F-49E2-9760-A159F90C30DA}.Release|iPhoneSimulator.Deploy.0 = Release|Any CPU
		{EB4C2446-5F4F-49E2-9760-A159F90C30DA}.Release|x64.ActiveCfg = Release|Any CPU
		{EB4C2446-5F4F-49E2-9760-A159F90C30DA}.Release|x64.Build.0 = Release|Any CPU
		{EB4C2446-5F4F-49E2-9760-A159F90C30DA}.Release|x64.Deploy.0 = Release|Any CPU
		{EB4C2446-5F4F-49E2-9760-A159F90C30DA}.Release|x86.ActiveCfg = Release|Any CPU
		{EB4C2446-5F4F-49E2-9760-A159F90C30DA}.Release|x86.Build.0 = Release|Any CPU
		{EB4C2446-5F4F-49E2-9760-A159F90C30DA}.Release|x86.Deploy.0 = Release|Any CPU
	EndGlobalSection
	GlobalSection(SolutionProperties) = preSolution
		HideSolutionNode = FALSE
	EndGlobalSection
	GlobalSection(ExtensibilityGlobals) = postSolution
		SolutionGuid = {EC7F477C-0B22-44AC-B851-61BFE3010045}
	EndGlobalSection
EndGlobal
